
Microsoft Visual Studio Solution File, Format Version 12.00
# Visual Studio Version 16
VisualStudioVersion = 16.0.31605.320
MinimumVisualStudioVersion = 10.0.40219.1
Project("{FAE04EC0-301F-11D3-BF4B-00C04F79EFBC}") = "SharpPN", "SharpPN.csproj", "{2733718E-E13E-43E1-8058-0582A7042CF7}"
EndProject
Global
	GlobalSection(SolutionConfigurationPlatforms) = preSolution
		Debug|Any CPU = Debug|Any CPU
		Release|Any CPU = Release|Any CPU
	EndGlobalSection
	GlobalSection(ProjectConfigurationPlatforms) = postSolution
		{2733718E-E13E-43E1-8058-0582A7042CF7}.Debug|Any CPU.ActiveCfg = Debug|Any CPU
		{2733718E-E13E-43E1-8058-0582A7042CF7}.Debug|Any CPU.Build.0 = Debug|Any CPU
		{2733718E-E13E-43E1-8058-0582A7042CF7}.Release|Any CPU.ActiveCfg = Release|Any CPU
		{2733718E-E13E-43E1-8058-0582A7042CF7}.Release|Any CPU.Build.0 = Release|Any CPU
	EndGlobalSection
	GlobalSection(SolutionProperties) = preSolution
		HideSolutionNode = FALSE
	EndGlobalSection
	GlobalSection(ExtensibilityGlobals) = postSolution
		SolutionGuid = {8D5DDB54-7A51-42EF-8C51-75FD9ECA72AE}
	EndGlobalSection
EndGlobal
